
Microsoft Visual Studio Solution File, Format Version 12.00
# Visual Studio Version 17
VisualStudioVersion = 17.1.32421.90
MinimumVisualStudioVersion = 10.0.40219.1
Project("{888888A0-9F3D-457C-B088-3A5042F75D52}") = "ParsingBot", "ParsingBot\ParsingBot.pyproj", "{3AE15534-100B-46F6-8694-8EA2DB2786E0}"
EndProject
Global
	GlobalSection(SolutionConfigurationPlatforms) = preSolution
		Debug|Any CPU = Debug|Any CPU
		Release|Any CPU = Release|Any CPU
	EndGlobalSection
	GlobalSection(ProjectConfigurationPlatforms) = postSolution
		{3AE15534-100B-46F6-8694-8EA2DB2786E0}.Debug|Any CPU.ActiveCfg = Debug|Any CPU
		{3AE15534-100B-46F6-8694-8EA2DB2786E0}.Release|Any CPU.ActiveCfg = Release|Any CPU
	EndGlobalSection
	GlobalSection(SolutionProperties) = preSolution
		HideSolutionNode = FALSE
	EndGlobalSection
	GlobalSection(ExtensibilityGlobals) = postSolution
		SolutionGuid = {0E3D288E-78A9-4564-921A-282952900A44}
	EndGlobalSection
EndGlobal
